
Microsoft Visual Studio Solution File, Format Version 12.00
# Visual Studio Version 17
VisualStudioVersion = 17.8.34316.72
MinimumVisualStudioVersion = 10.0.40219.1
Project("{8BC9CEB8-8B4A-11D0-8D11-00A0C91BC942}") = "_5_6_DM_experiment_3", "_5_6_DM_experiment_3.vcxproj", "{3ECBBC6D-5736-4732-AD1D-26C6DFD00BCA}"
EndProject
Global
	GlobalSection(SolutionConfigurationPlatforms) = preSolution
		Debug|x64 = Debug|x64
		Debug|x86 = Debug|x86
		Release|x64 = Release|x64
		Release|x86 = Release|x86
	EndGlobalSection
	GlobalSection(ProjectConfigurationPlatforms) = postSolution
		{3ECBBC6D-5736-4732-AD1D-26C6DFD00BCA}.Debug|x64.ActiveCfg = Debug|x64
		{3ECBBC6D-5736-4732-AD1D-26C6DFD00BCA}.Debug|x64.Build.0 = Debug|x64
		{3ECBBC6D-5736-4732-AD1D-26C6DFD00BCA}.Debug|x86.ActiveCfg = Debug|Win32
		{3ECBBC6D-5736-4732-AD1D-26C6DFD00BCA}.Debug|x86.Build.0 = Debug|Win32
		{3ECBBC6D-5736-4732-AD1D-26C6DFD00BCA}.Release|x64.ActiveCfg = Release|x64
		{3ECBBC6D-5736-4732-AD1D-26C6DFD00BCA}.Release|x64.Build.0 = Release|x64
		{3ECBBC6D-5736-4732-AD1D-26C6DFD00BCA}.Release|x86.ActiveCfg = Release|Win32
		{3ECBBC6D-5736-4732-AD1D-26C6DFD00BCA}.Release|x86.Build.0 = Release|Win32
	EndGlobalSection
	GlobalSection(SolutionProperties) = preSolution
		HideSolutionNode = FALSE
	EndGlobalSection
	GlobalSection(ExtensibilityGlobals) = postSolution
		SolutionGuid = {463546AD-E44D-4086-855C-63DAA083622E}
	EndGlobalSection
EndGlobal
